
Microsoft Visual Studio Solution File, Format Version 12.00
Project("{FAE04EC0-301F-11D3-BF4B-00C04F79EFBC}") = "API", "API\API.csproj", "{BC9AB92C-BF6B-4184-8CD6-9DBD4176328E}"
EndProject
Project("{FAE04EC0-301F-11D3-BF4B-00C04F79EFBC}") = "BLL", "BLL\BLL.csproj", "{DF1BDDFB-82DB-47DE-9DCC-E5BA695BFA56}"
EndProject
Project("{FAE04EC0-301F-11D3-BF4B-00C04F79EFBC}") = "DAL", "DAL\DAL.csproj", "{20617C84-2A1F-4458-BC32-13B3057ED6FB}"
EndProject
Project("{FAE04EC0-301F-11D3-BF4B-00C04F79EFBC}") = "Model", "Model\Model.csproj", "{89B47B68-A143-4544-B462-8217B2EF3838}"
EndProject
Global
	GlobalSection(SolutionConfigurationPlatforms) = preSolution
		Debug|Any CPU = Debug|Any CPU
		Release|Any CPU = Release|Any CPU
	EndGlobalSection
	GlobalSection(ProjectConfigurationPlatforms) = postSolution
		{BC9AB92C-BF6B-4184-8CD6-9DBD4176328E}.Debug|Any CPU.ActiveCfg = Debug|Any CPU
		{BC9AB92C-BF6B-4184-8CD6-9DBD4176328E}.Debug|Any CPU.Build.0 = Debug|Any CPU
		{BC9AB92C-BF6B-4184-8CD6-9DBD4176328E}.Release|Any CPU.ActiveCfg = Release|Any CPU
		{BC9AB92C-BF6B-4184-8CD6-9DBD4176328E}.Release|Any CPU.Build.0 = Release|Any CPU
		{DF1BDDFB-82DB-47DE-9DCC-E5BA695BFA56}.Debug|Any CPU.ActiveCfg = Debug|Any CPU
		{DF1BDDFB-82DB-47DE-9DCC-E5BA695BFA56}.Debug|Any CPU.Build.0 = Debug|Any CPU
		{DF1BDDFB-82DB-47DE-9DCC-E5BA695BFA56}.Release|Any CPU.ActiveCfg = Release|Any CPU
		{DF1BDDFB-82DB-47DE-9DCC-E5BA695BFA56}.Release|Any CPU.Build.0 = Release|Any CPU
		{20617C84-2A1F-4458-BC32-13B3057ED6FB}.Debug|Any CPU.ActiveCfg = Debug|Any CPU
		{20617C84-2A1F-4458-BC32-13B3057ED6FB}.Debug|Any CPU.Build.0 = Debug|Any CPU
		{20617C84-2A1F-4458-BC32-13B3057ED6FB}.Release|Any CPU.ActiveCfg = Release|Any CPU
		{20617C84-2A1F-4458-BC32-13B3057ED6FB}.Release|Any CPU.Build.0 = Release|Any CPU
		{89B47B68-A143-4544-B462-8217B2EF3838}.Debug|Any CPU.ActiveCfg = Debug|Any CPU
		{89B47B68-A143-4544-B462-8217B2EF3838}.Debug|Any CPU.Build.0 = Debug|Any CPU
		{89B47B68-A143-4544-B462-8217B2EF3838}.Release|Any CPU.ActiveCfg = Release|Any CPU
		{89B47B68-A143-4544-B462-8217B2EF3838}.Release|Any CPU.Build.0 = Release|Any CPU
	EndGlobalSection
EndGlobal
